
Microsoft Visual Studio Solution File, Format Version 12.00
# Visual Studio Version 17
VisualStudioVersion = 17.0.31903.59
MinimumVisualStudioVersion = 10.0.40219.1
Project("{2150E333-8FDC-42A3-9474-1A3956D46DE8}") = "src", "src", "{827E0CD3-B72D-47B6-A68D-7590B98EB39B}"
EndProject
Project("{FAE04EC0-301F-11D3-BF4B-00C04F79EFBC}") = "AiBusinessOS.Domain", "src\AiBusinessOS.Domain\AiBusinessOS.Domain.csproj", "{DABE42B1-0942-451B-9F6A-DE952443EBA2}"
EndProject
Project("{FAE04EC0-301F-11D3-BF4B-00C04F79EFBC}") = "AiBusinessOS.Application", "src\AiBusinessOS.Application\AiBusinessOS.Application.csproj", "{911166E8-CCE4-4905-B833-2BCBDEC2DA85}"
EndProject
Project("{FAE04EC0-301F-11D3-BF4B-00C04F79EFBC}") = "AiBusinessOS.Infrastructure", "src\AiBusinessOS.Infrastructure\AiBusinessOS.Infrastructure.csproj", "{B0660A2D-BB12-4A41-B33D-D8B253C7AB1C}"
EndProject
Project("{FAE04EC0-301F-11D3-BF4B-00C04F79EFBC}") = "AiBusinessOS.Shared", "src\AiBusinessOS.Shared\AiBusinessOS.Shared.csproj", "{556CB101-EEF3-4D47-B976-019513131C53}"
EndProject
Project("{FAE04EC0-301F-11D3-BF4B-00C04F79EFBC}") = "AiBusinessOS.Api", "src\AiBusinessOS.Api\AiBusinessOS.Api.csproj", "{1D15A710-D6C8-4F16-A201-7AD8144BACFD}"
EndProject
Project("{FAE04EC0-301F-11D3-BF4B-00C04F79EFBC}") = "AiBusinessOS.Gateway", "src\AiBusinessOS.Gateway\AiBusinessOS.Gateway.csproj", "{3F02A585-D3AF-4E7E-8C45-E960FB3FC0D5}"
EndProject
Global
	GlobalSection(SolutionConfigurationPlatforms) = preSolution
		Debug|Any CPU = Debug|Any CPU
		Debug|x64 = Debug|x64
		Debug|x86 = Debug|x86
		Release|Any CPU = Release|Any CPU
		Release|x64 = Release|x64
		Release|x86 = Release|x86
	EndGlobalSection
	GlobalSection(ProjectConfigurationPlatforms) = postSolution
		{DABE42B1-0942-451B-9F6A-DE952443EBA2}.Debug|Any CPU.ActiveCfg = Debug|Any CPU
		{DABE42B1-0942-451B-9F6A-DE952443EBA2}.Debug|Any CPU.Build.0 = Debug|Any CPU
		{DABE42B1-0942-451B-9F6A-DE952443EBA2}.Debug|x64.ActiveCfg = Debug|Any CPU
		{DABE42B1-0942-451B-9F6A-DE952443EBA2}.Debug|x64.Build.0 = Debug|Any CPU
		{DABE42B1-0942-451B-9F6A-DE952443EBA2}.Debug|x86.ActiveCfg = Debug|Any CPU
		{DABE42B1-0942-451B-9F6A-DE952443EBA2}.Debug|x86.Build.0 = Debug|Any CPU
		{DABE42B1-0942-451B-9F6A-DE952443EBA2}.Release|Any CPU.ActiveCfg = Release|Any CPU
		{DABE42B1-0942-451B-9F6A-DE952443EBA2}.Release|Any CPU.Build.0 = Release|Any CPU
		{DABE42B1-0942-451B-9F6A-DE952443EBA2}.Release|x64.ActiveCfg = Release|Any CPU
		{DABE42B1-0942-451B-9F6A-DE952443EBA2}.Release|x64.Build.0 = Release|Any CPU
		{DABE42B1-0942-451B-9F6A-DE952443EBA2}.Release|x86.ActiveCfg = Release|Any CPU
		{DABE42B1-0942-451B-9F6A-DE952443EBA2}.Release|x86.Build.0 = Release|Any CPU
		{911166E8-CCE4-4905-B833-2BCBDEC2DA85}.Debug|Any CPU.ActiveCfg = Debug|Any CPU
		{911166E8-CCE4-4905-B833-2BCBDEC2DA85}.Debug|Any CPU.Build.0 = Debug|Any CPU
		{911166E8-CCE4-4905-B833-2BCBDEC2DA85}.Debug|x64.ActiveCfg = Debug|Any CPU
		{911166E8-CCE4-4905-B833-2BCBDEC2DA85}.Debug|x64.Build.0 = Debug|Any CPU
		{911166E8-CCE4-4905-B833-2BCBDEC2DA85}.Debug|x86.ActiveCfg = Debug|Any CPU
		{911166E8-CCE4-4905-B833-2BCBDEC2DA85}.Debug|x86.Build.0 = Debug|Any CPU
		{911166E8-CCE4-4905-B833-2BCBDEC2DA85}.Release|Any CPU.ActiveCfg = Release|Any CPU
		{911166E8-CCE4-4905-B833-2BCBDEC2DA85}.Release|Any CPU.Build.0 = Release|Any CPU
		{911166E8-CCE4-4905-B833-2BCBDEC2DA85}.Release|x64.ActiveCfg = Release|Any CPU
		{911166E8-CCE4-4905-B833-2BCBDEC2DA85}.Release|x64.Build.0 = Release|Any CPU
		{911166E8-CCE4-4905-B833-2BCBDEC2DA85}.Release|x86.ActiveCfg = Release|Any CPU
		{911166E8-CCE4-4905-B833-2BCBDEC2DA85}.Release|x86.Build.0 = Release|Any CPU
		{B0660A2D-BB12-4A41-B33D-D8B253C7AB1C}.Debug|Any CPU.ActiveCfg = Debug|Any CPU
		{B0660A2D-BB12-4A41-B33D-D8B253C7AB1C}.Debug|Any CPU.Build.0 = Debug|Any CPU
		{B0660A2D-BB12-4A41-B33D-D8B253C7AB1C}.Debug|x64.ActiveCfg = Debug|Any CPU
		{B0660A2D-BB12-4A41-B33D-D8B253C7AB1C}.Debug|x64.Build.0 = Debug|Any CPU
		{B0660A2D-BB12-4A41-B33D-D8B253C7AB1C}.Debug|x86.ActiveCfg = Debug|Any CPU
		{B0660A2D-BB12-4A41-B33D-D8B253C7AB1C}.Debug|x86.Build.0 = Debug|Any CPU
		{B0660A2D-BB12-4A41-B33D-D8B253C7AB1C}.Release|Any CPU.ActiveCfg = Release|Any CPU
		{B0660A2D-BB12-4A41-B33D-D8B253C7AB1C}.Release|Any CPU.Build.0 = Release|Any CPU
		{B0660A2D-BB12-4A41-B33D-D8B253C7AB1C}.Release|x64.ActiveCfg = Release|Any CPU
		{B0660A2D-BB12-4A41-B33D-D8B253C7AB1C}.Release|x64.Build.0 = Release|Any CPU
		{B0660A2D-BB12-4A41-B33D-D8B253C7AB1C}.Release|x86.ActiveCfg = Release|Any CPU
		{B0660A2D-BB12-4A41-B33D-D8B253C7AB1C}.Release|x86.Build.0 = Release|Any CPU
		{556CB101-EEF3-4D47-B976-019513131C53}.Debug|Any CPU.ActiveCfg = Debug|Any CPU
		{556CB101-EEF3-4D47-B976-019513131C53}.Debug|Any CPU.Build.0 = Debug|Any CPU
		{556CB101-EEF3-4D47-B976-019513131C53}.Debug|x64.ActiveCfg = Debug|Any CPU
		{556CB101-EEF3-4D47-B976-019513131C53}.Debug|x64.Build.0 = Debug|Any CPU
		{556CB101-EEF3-4D47-B976-019513131C53}.Debug|x86.ActiveCfg = Debug|Any CPU
		{556CB101-EEF3-4D47-B976-019513131C53}.Debug|x86.Build.0 = Debug|Any CPU
		{556CB101-EEF3-4D47-B976-019513131C53}.Release|Any CPU.ActiveCfg = Release|Any CPU
		{556CB101-EEF3-4D47-B976-019513131C53}.Release|Any CPU.Build.0 = Release|Any CPU
		{556CB101-EEF3-4D47-B976-019513131C53}.Release|x64.ActiveCfg = Release|Any CPU
		{556CB101-EEF3-4D47-B976-019513131C53}.Release|x64.Build.0 = Release|Any CPU
		{556CB101-EEF3-4D47-B976-019513131C53}.Release|x86.ActiveCfg = Release|Any CPU
		{556CB101-EEF3-4D47-B976-019513131C53}.Release|x86.Build.0 = Release|Any CPU
		{1D15A710-D6C8-4F16-A201-7AD8144BACFD}.Debug|Any CPU.ActiveCfg = Debug|Any CPU
		{1D15A710-D6C8-4F16-A201-7AD8144BACFD}.Debug|Any CPU.Build.0 = Debug|Any CPU
		{1D15A710-D6C8-4F16-A201-7AD8144BACFD}.Debug|x64.ActiveCfg = Debug|Any CPU
		{1D15A710-D6C8-4F16-A201-7AD8144BACFD}.Debug|x64.Build.0 = Debug|Any CPU
		{1D15A710-D6C8-4F16-A201-7AD8144BACFD}.Debug|x86.ActiveCfg = Debug|Any CPU
		{1D15A710-D6C8-4F16-A201-7AD8144BACFD}.Debug|x86.Build.0 = Debug|Any CPU
		{1D15A710-D6C8-4F16-A201-7AD8144BACFD}.Release|Any CPU.ActiveCfg = Release|Any CPU
		{1D15A710-D6C8-4F16-A201-7AD8144BACFD}.Release|Any CPU.Build.0 = Release|Any CPU
		{1D15A710-D6C8-4F16-A201-7AD8144BACFD}.Release|x64.ActiveCfg = Release|Any CPU
		{1D15A710-D6C8-4F16-A201-7AD8144BACFD}.Release|x64.Build.0 = Release|Any CPU
		{1D15A710-D6C8-4F16-A201-7AD8144BACFD}.Release|x86.ActiveCfg = Release|Any CPU
		{1D15A710-D6C8-4F16-A201-7AD8144BACFD}.Release|x86.Build.0 = Release|Any CPU
		{3F02A585-D3AF-4E7E-8C45-E960FB3FC0D5}.Debug|Any CPU.ActiveCfg = Debug|Any CPU
		{3F02A585-D3AF-4E7E-8C45-E960FB3FC0D5}.Debug|Any CPU.Build.0 = Debug|Any CPU
		{3F02A585-D3AF-4E7E-8C45-E960FB3FC0D5}.Debug|x64.ActiveCfg = Debug|Any CPU
		{3F02A585-D3AF-4E7E-8C45-E960FB3FC0D5}.Debug|x64.Build.0 = Debug|Any CPU
		{3F02A585-D3AF-4E7E-8C45-E960FB3FC0D5}.Debug|x86.ActiveCfg = Debug|Any CPU
		{3F02A585-D3AF-4E7E-8C45-E960FB3FC0D5}.Debug|x86.Build.0 = Debug|Any CPU
		{3F02A585-D3AF-4E7E-8C45-E960FB3FC0D5}.Release|Any CPU.ActiveCfg = Release|Any CPU
		{3F02A585-D3AF-4E7E-8C45-E960FB3FC0D5}.Release|Any CPU.Build.0 = Release|Any CPU
		{3F02A585-D3AF-4E7E-8C45-E960FB3FC0D5}.Release|x64.ActiveCfg = Release|Any CPU
		{3F02A585-D3AF-4E7E-8C45-E960FB3FC0D5}.Release|x64.Build.0 = Release|Any CPU
		{3F02A585-D3AF-4E7E-8C45-E960FB3FC0D5}.Release|x86.ActiveCfg = Release|Any CPU
		{3F02A585-D3AF-4E7E-8C45-E960FB3FC0D5}.Release|x86.Build.0 = Release|Any CPU
	EndGlobalSection
	GlobalSection(SolutionProperties) = preSolution
		HideSolutionNode = FALSE
	EndGlobalSection
	GlobalSection(NestedProjects) = preSolution
		{DABE42B1-0942-451B-9F6A-DE952443EBA2} = {827E0CD3-B72D-47B6-A68D-7590B98EB39B}
		{911166E8-CCE4-4905-B833-2BCBDEC2DA85} = {827E0CD3-B72D-47B6-A68D-7590B98EB39B}
		{B0660A2D-BB12-4A41-B33D-D8B253C7AB1C} = {827E0CD3-B72D-47B6-A68D-7590B98EB39B}
		{556CB101-EEF3-4D47-B976-019513131C53} = {827E0CD3-B72D-47B6-A68D-7590B98EB39B}
		{1D15A710-D6C8-4F16-A201-7AD8144BACFD} = {827E0CD3-B72D-47B6-A68D-7590B98EB39B}
		{3F02A585-D3AF-4E7E-8C45-E960FB3FC0D5} = {827E0CD3-B72D-47B6-A68D-7590B98EB39B}
	EndGlobalSection
EndGlobal
